// !$*UTF8*$!
{
	archiveVersion = 1;
	classes = {
	};
	objectVersion = 56;
	objects = {

/* Begin PBXBuildFile section */
		483220E19606E398079478C4 /* Pods_Kitchen_Buddy.framework in Frameworks */ = {isa = PBXBuildFile; fileRef = A92939CAB51556954A209707 /* Pods_Kitchen_Buddy.framework */; };
		8B01AFDF2A225F9C00A8C711 /* WineModuleLocalDataSource.swift in Sources */ = {isa = PBXBuildFile; fileRef = 8B01AFDE2A225F9C00A8C711 /* WineModuleLocalDataSource.swift */; };
		8B01AFE12A22602700A8C711 /* WineModuleLocalDataSourceAssembly.swift in Sources */ = {isa = PBXBuildFile; fileRef = 8B01AFE02A22602700A8C711 /* WineModuleLocalDataSourceAssembly.swift */; };
		8B1B95F329FE68E80030A21D /* Bundle+Extensions.swift in Sources */ = {isa = PBXBuildFile; fileRef = 8B1B95F229FE68E80030A21D /* Bundle+Extensions.swift */; };
		8B1B95FF29FE830B0030A21D /* AllSelectionRecipesFlowCoordinator.swift in Sources */ = {isa = PBXBuildFile; fileRef = 8B1B95FE29FE830B0030A21D /* AllSelectionRecipesFlowCoordinator.swift */; };
		8B1B960129FFCC7E0030A21D /* MainModuleOutput.swift in Sources */ = {isa = PBXBuildFile; fileRef = 8B1B960029FFCC7E0030A21D /* MainModuleOutput.swift */; };
		8B1B960829FFD2D90030A21D /* WinesViewController.swift in Sources */ = {isa = PBXBuildFile; fileRef = 8B1B960729FFD2D90030A21D /* WinesViewController.swift */; };
		8B1B960A29FFD3200030A21D /* WinesBuilder.swift in Sources */ = {isa = PBXBuildFile; fileRef = 8B1B960929FFD31F0030A21D /* WinesBuilder.swift */; };
		8B1B960C29FFD3750030A21D /* WinesModuleOutput.swift in Sources */ = {isa = PBXBuildFile; fileRef = 8B1B960B29FFD3750030A21D /* WinesModuleOutput.swift */; };
		8B1B960E29FFD6CD0030A21D /* WinesViewModel.swift in Sources */ = {isa = PBXBuildFile; fileRef = 8B1B960D29FFD6CD0030A21D /* WinesViewModel.swift */; };
		8B1B961229FFF0070030A21D /* RecipeInfoViewController.swift in Sources */ = {isa = PBXBuildFile; fileRef = 8B1B961129FFF0070030A21D /* RecipeInfoViewController.swift */; };
		8B1B961429FFF1FF0030A21D /* RecipeInfoModuleOutput.swift in Sources */ = {isa = PBXBuildFile; fileRef = 8B1B961329FFF1FF0030A21D /* RecipeInfoModuleOutput.swift */; };
		8B1B961629FFF2830030A21D /* RecipeInfoViewModel.swift in Sources */ = {isa = PBXBuildFile; fileRef = 8B1B961529FFF2830030A21D /* RecipeInfoViewModel.swift */; };
		8B1B961829FFF4D00030A21D /* RecipeInfoBuilder.swift in Sources */ = {isa = PBXBuildFile; fileRef = 8B1B961729FFF4D00030A21D /* RecipeInfoBuilder.swift */; };
		8B2248D62A24C306005A18BB /* RecipeModuleLocalDataSource.swift in Sources */ = {isa = PBXBuildFile; fileRef = 8B2248D52A24C306005A18BB /* RecipeModuleLocalDataSource.swift */; };
		8B2248D82A24C45B005A18BB /* RecipeModuleLocalDataSourceAssembly.swift in Sources */ = {isa = PBXBuildFile; fileRef = 8B2248D72A24C45B005A18BB /* RecipeModuleLocalDataSourceAssembly.swift */; };
		8B2248DB2A24CEA4005A18BB /* RecipeInfoSection.swift in Sources */ = {isa = PBXBuildFile; fileRef = 8B2248DA2A24CEA4005A18BB /* RecipeInfoSection.swift */; };
		8B2248DD2A24CF48005A18BB /* RecipeInstructionSection.swift in Sources */ = {isa = PBXBuildFile; fileRef = 8B2248DC2A24CF48005A18BB /* RecipeInstructionSection.swift */; };
		8B2248E22A24E106005A18BB /* RecipeInfoCell.swift in Sources */ = {isa = PBXBuildFile; fileRef = 8B2248E12A24E106005A18BB /* RecipeInfoCell.swift */; };
		8B2248E42A24E121005A18BB /* RecipeInstructionStepCell.swift in Sources */ = {isa = PBXBuildFile; fileRef = 8B2248E32A24E121005A18BB /* RecipeInstructionStepCell.swift */; };
		8B2E7CF429EE90170091E129 /* ServiceLocator.swift in Sources */ = {isa = PBXBuildFile; fileRef = 8B2E7CF329EE90170091E129 /* ServiceLocator.swift */; };
		8B2E7CF729EE917B0091E129 /* NetworkAssembly.swift in Sources */ = {isa = PBXBuildFile; fileRef = 8B2E7CF629EE917B0091E129 /* NetworkAssembly.swift */; };
		8B2E7CFD29EFFA360091E129 /* ModuleBuilderProtocol.swift in Sources */ = {isa = PBXBuildFile; fileRef = 8B2E7CFC29EFFA350091E129 /* ModuleBuilderProtocol.swift */; };
		8B32FE7029E76415009E9B26 /* RecipesRequestModel.swift in Sources */ = {isa = PBXBuildFile; fileRef = 8B32FE6F29E76415009E9B26 /* RecipesRequestModel.swift */; };
		8B54CA972A12C34D009B76D2 /* RecentRecipeCell .swift in Sources */ = {isa = PBXBuildFile; fileRef = 8B54CA962A12C34D009B76D2 /* RecentRecipeCell .swift */; };
		8B54CA992A12C36A009B76D2 /* SelectionRecipeCell.swift in Sources */ = {isa = PBXBuildFile; fileRef = 8B54CA982A12C36A009B76D2 /* SelectionRecipeCell.swift */; };
		8B54CA9B2A12C380009B76D2 /* WineSortCell.swift in Sources */ = {isa = PBXBuildFile; fileRef = 8B54CA9A2A12C380009B76D2 /* WineSortCell.swift */; };
		8B54CA9E2A12DB50009B76D2 /* RecentRecipeSection.swift in Sources */ = {isa = PBXBuildFile; fileRef = 8B54CA9D2A12DB50009B76D2 /* RecentRecipeSection.swift */; };
		8B54CAA02A12DB5E009B76D2 /* SelectionRecipeSection.swift in Sources */ = {isa = PBXBuildFile; fileRef = 8B54CA9F2A12DB5E009B76D2 /* SelectionRecipeSection.swift */; };
		8B54CAA22A12DB6F009B76D2 /* WineSortSection.swift in Sources */ = {isa = PBXBuildFile; fileRef = 8B54CAA12A12DB6F009B76D2 /* WineSortSection.swift */; };
		8B54CAA42A12DEB3009B76D2 /* Section.swift in Sources */ = {isa = PBXBuildFile; fileRef = 8B54CAA32A12DEB3009B76D2 /* Section.swift */; };
		8B7F591A2A234A27002996C4 /* WineTableViewCell.swift in Sources */ = {isa = PBXBuildFile; fileRef = 8B7F59192A234A26002996C4 /* WineTableViewCell.swift */; };
		8B7F591C2A237EC5002996C4 /* Double+Extensions.swift in Sources */ = {isa = PBXBuildFile; fileRef = 8B7F591B2A237EC5002996C4 /* Double+Extensions.swift */; };
		8B7F591E2A237EF5002996C4 /* String+Extensions.swift in Sources */ = {isa = PBXBuildFile; fileRef = 8B7F591D2A237EF5002996C4 /* String+Extensions.swift */; };
		8B802DA92A17F49B0062AC1B /* UserDefaultsService.swift in Sources */ = {isa = PBXBuildFile; fileRef = 8B802DA82A17F49B0062AC1B /* UserDefaultsService.swift */; };
		8B802DAB2A17F6FF0062AC1B /* UserDefaultsAssembly.swift in Sources */ = {isa = PBXBuildFile; fileRef = 8B802DAA2A17F6FF0062AC1B /* UserDefaultsAssembly.swift */; };
		8B852BAA2A1D5B7E007461A4 /* WinesSort.json in Resources */ = {isa = PBXBuildFile; fileRef = 8B852BA92A1D5B7E007461A4 /* WinesSort.json */; };
		8B8A384C29FBDB09008416CE /* UITabBarController+Extensions.swift in Sources */ = {isa = PBXBuildFile; fileRef = 8B8A384B29FBDB09008416CE /* UITabBarController+Extensions.swift */; };
		8B8FD9D72A0305A400404B9D /* Resolver+Extensions.swift in Sources */ = {isa = PBXBuildFile; fileRef = 8B8FD9D62A0305A400404B9D /* Resolver+Extensions.swift */; };
		8B9639872A016B290031AD7B /* AllSelectionRecipesViewController.swift in Sources */ = {isa = PBXBuildFile; fileRef = 8B9639862A016B290031AD7B /* AllSelectionRecipesViewController.swift */; };
		8B9639892A016BC20031AD7B /* AllSelectionRecipesViewModel.swift in Sources */ = {isa = PBXBuildFile; fileRef = 8B9639882A016BC20031AD7B /* AllSelectionRecipesViewModel.swift */; };
		8B96398B2A016D340031AD7B /* AllSelectionRecipesModuleOutput.swift in Sources */ = {isa = PBXBuildFile; fileRef = 8B96398A2A016D340031AD7B /* AllSelectionRecipesModuleOutput.swift */; };
		8B96398D2A016DBF0031AD7B /* AllSelectionRecipesBuilder.swift in Sources */ = {isa = PBXBuildFile; fileRef = 8B96398C2A016DBF0031AD7B /* AllSelectionRecipesBuilder.swift */; };
		8B9733E22A13728E008D39CE /* HeaderView.swift in Sources */ = {isa = PBXBuildFile; fileRef = 8B9733E12A13728E008D39CE /* HeaderView.swift */; };
		8B9733E52A13D1B5008D39CE /* SelectionHeaderView.swift in Sources */ = {isa = PBXBuildFile; fileRef = 8B9733E42A13D1B5008D39CE /* SelectionHeaderView.swift */; };
		8BA52EE12A1A9F4900550A12 /* LastRecipesService.swift in Sources */ = {isa = PBXBuildFile; fileRef = 8BA52EE02A1A9F4900550A12 /* LastRecipesService.swift */; };
		8BA52EE32A1AA1F500550A12 /* LastRecipesAssembly.swift in Sources */ = {isa = PBXBuildFile; fileRef = 8BA52EE22A1AA1F500550A12 /* LastRecipesAssembly.swift */; };
		8BCB036A29FD0254008A1DC1 /* RecipeFlowCoordinator.swift in Sources */ = {isa = PBXBuildFile; fileRef = 8BCB036929FD0254008A1DC1 /* RecipeFlowCoordinator.swift */; };
		8BCB036C29FD069F008A1DC1 /* WinesFlowCoordinator.swift in Sources */ = {isa = PBXBuildFile; fileRef = 8BCB036B29FD069F008A1DC1 /* WinesFlowCoordinator.swift */; };
		8BD1983329EBF6E500A8F8CE /* MainBuilder.swift in Sources */ = {isa = PBXBuildFile; fileRef = 8BD1983229EBF6E500A8F8CE /* MainBuilder.swift */; };
		8BD1983B29ECA3D700A8F8CE /* MainViewModel.swift in Sources */ = {isa = PBXBuildFile; fileRef = 8BD1983A29ECA3D700A8F8CE /* MainViewModel.swift */; };
		8BD1983D29ECA40B00A8F8CE /* MainViewController.swift in Sources */ = {isa = PBXBuildFile; fileRef = 8BD1983C29ECA40B00A8F8CE /* MainViewController.swift */; };
		8BD4685B29E2C10F0008F642 /* RecipesAPITarget.swift in Sources */ = {isa = PBXBuildFile; fileRef = 8BD4685A29E2C10F0008F642 /* RecipesAPITarget.swift */; };
		8BF901B129E97FCB00488B17 /* RootCoordinator.swift in Sources */ = {isa = PBXBuildFile; fileRef = 8BF901B029E97FCB00488B17 /* RootCoordinator.swift */; };
		8BF901B329E9A4F200488B17 /* FlowCoordinatorProtocol.swift in Sources */ = {isa = PBXBuildFile; fileRef = 8BF901B229E9A4F200488B17 /* FlowCoordinatorProtocol.swift */; };
		8BF901B529E9A85C00488B17 /* TabBarCoordinator.swift in Sources */ = {isa = PBXBuildFile; fileRef = 8BF901B429E9A85C00488B17 /* TabBarCoordinator.swift */; };
		8BF901B729E9E1D100488B17 /* MainFlowCoordinator.swift in Sources */ = {isa = PBXBuildFile; fileRef = 8BF901B629E9E1D100488B17 /* MainFlowCoordinator.swift */; };
		8BF901B929E9E53600488B17 /* SearchFlowCoordinator.swift in Sources */ = {isa = PBXBuildFile; fileRef = 8BF901B829E9E53600488B17 /* SearchFlowCoordinator.swift */; };
		8BF901BB29E9E56B00488B17 /* FavouriteFlowCoordinator.swift in Sources */ = {isa = PBXBuildFile; fileRef = 8BF901BA29E9E56B00488B17 /* FavouriteFlowCoordinator.swift */; };
		8BFC784F2A25F0C60091B76B /* InformationLabel.swift in Sources */ = {isa = PBXBuildFile; fileRef = 8BFC784E2A25F0C60091B76B /* InformationLabel.swift */; };
		8BFC78512A25FB1B0091B76B /* SimilarRecipes.swift in Sources */ = {isa = PBXBuildFile; fileRef = 8BFC78502A25FB1B0091B76B /* SimilarRecipes.swift */; };
		EA53172629D62677007B6953 /* AppDelegate.swift in Sources */ = {isa = PBXBuildFile; fileRef = EA53172529D62677007B6953 /* AppDelegate.swift */; };
		EA53172829D62677007B6953 /* SceneDelegate.swift in Sources */ = {isa = PBXBuildFile; fileRef = EA53172729D62677007B6953 /* SceneDelegate.swift */; };
		EA53172A29D62677007B6953 /* ViewController.swift in Sources */ = {isa = PBXBuildFile; fileRef = EA53172929D62677007B6953 /* ViewController.swift */; };
		EA53173029D62677007B6953 /* Kitchen_Buddy.xcdatamodeld in Sources */ = {isa = PBXBuildFile; fileRef = EA53172E29D62677007B6953 /* Kitchen_Buddy.xcdatamodeld */; };
		EA53173229D6267A007B6953 /* Assets.xcassets in Resources */ = {isa = PBXBuildFile; fileRef = EA53173129D6267A007B6953 /* Assets.xcassets */; };
		EA53173529D6267A007B6953 /* LaunchScreen.storyboard in Resources */ = {isa = PBXBuildFile; fileRef = EA53173329D6267A007B6953 /* LaunchScreen.storyboard */; };
		EA53173D29D62BE1007B6953 /* RandomRecipes.swift in Sources */ = {isa = PBXBuildFile; fileRef = EA53173C29D62BE1007B6953 /* RandomRecipes.swift */; };
		EA53174129D63187007B6953 /* NetworkService.swift in Sources */ = {isa = PBXBuildFile; fileRef = EA53174029D63187007B6953 /* NetworkService.swift */; };
		EAD6AFDF29D7254400BD7464 /* Wines.swift in Sources */ = {isa = PBXBuildFile; fileRef = EAD6AFDE29D7254400BD7464 /* Wines.swift */; };
		EAD6AFE329D729F600BD7464 /* FoundIngredients.swift in Sources */ = {isa = PBXBuildFile; fileRef = EAD6AFE229D729F600BD7464 /* FoundIngredients.swift */; };
		EAD6AFE529D7774D00BD7464 /* SearchRecipes.swift in Sources */ = {isa = PBXBuildFile; fileRef = EAD6AFE429D7774D00BD7464 /* SearchRecipes.swift */; };
		EAD6AFE729D778A700BD7464 /* CuisineType.swift in Sources */ = {isa = PBXBuildFile; fileRef = EAD6AFE629D778A700BD7464 /* CuisineType.swift */; };
		EAD6AFE929D77B6700BD7464 /* IntoleranceType.swift in Sources */ = {isa = PBXBuildFile; fileRef = EAD6AFE829D77B6700BD7464 /* IntoleranceType.swift */; };
		EAD6AFEC29D77BD900BD7464 /* SortingParam.swift in Sources */ = {isa = PBXBuildFile; fileRef = EAD6AFEB29D77BD900BD7464 /* SortingParam.swift */; };
		EAD6AFEE29D77D5D00BD7464 /* DietType.swift in Sources */ = {isa = PBXBuildFile; fileRef = EAD6AFED29D77D5D00BD7464 /* DietType.swift */; };
		EAD6AFF029D781D000BD7464 /* MealTypes.swift in Sources */ = {isa = PBXBuildFile; fileRef = EAD6AFEF29D781D000BD7464 /* MealTypes.swift */; };
/* End PBXBuildFile section */

/* Begin PBXFileReference section */
		27A15F89B28F53579E485F78 /* Pods-Kitchen Buddy.debug.xcconfig */ = {isa = PBXFileReference; includeInIndex = 1; lastKnownFileType = text.xcconfig; name = "Pods-Kitchen Buddy.debug.xcconfig"; path = "Target Support Files/Pods-Kitchen Buddy/Pods-Kitchen Buddy.debug.xcconfig"; sourceTree = "<group>"; };
		8B01AFDE2A225F9C00A8C711 /* WineModuleLocalDataSource.swift */ = {isa = PBXFileReference; lastKnownFileType = sourcecode.swift; path = WineModuleLocalDataSource.swift; sourceTree = "<group>"; };
		8B01AFE02A22602700A8C711 /* WineModuleLocalDataSourceAssembly.swift */ = {isa = PBXFileReference; lastKnownFileType = sourcecode.swift; path = WineModuleLocalDataSourceAssembly.swift; sourceTree = "<group>"; };
		8B1B95F229FE68E80030A21D /* Bundle+Extensions.swift */ = {isa = PBXFileReference; lastKnownFileType = sourcecode.swift; path = "Bundle+Extensions.swift"; sourceTree = "<group>"; };
		8B1B95FE29FE830B0030A21D /* AllSelectionRecipesFlowCoordinator.swift */ = {isa = PBXFileReference; lastKnownFileType = sourcecode.swift; path = AllSelectionRecipesFlowCoordinator.swift; sourceTree = "<group>"; };
		8B1B960029FFCC7E0030A21D /* MainModuleOutput.swift */ = {isa = PBXFileReference; lastKnownFileType = sourcecode.swift; path = MainModuleOutput.swift; sourceTree = "<group>"; };
		8B1B960729FFD2D90030A21D /* WinesViewController.swift */ = {isa = PBXFileReference; lastKnownFileType = sourcecode.swift; name = WinesViewController.swift; path = "Kitchen Buddy/Modules/Main/Wines/View/WinesViewController.swift"; sourceTree = SOURCE_ROOT; };
		8B1B960929FFD31F0030A21D /* WinesBuilder.swift */ = {isa = PBXFileReference; lastKnownFileType = sourcecode.swift; path = WinesBuilder.swift; sourceTree = "<group>"; };
		8B1B960B29FFD3750030A21D /* WinesModuleOutput.swift */ = {isa = PBXFileReference; lastKnownFileType = sourcecode.swift; path = WinesModuleOutput.swift; sourceTree = "<group>"; };
		8B1B960D29FFD6CD0030A21D /* WinesViewModel.swift */ = {isa = PBXFileReference; lastKnownFileType = sourcecode.swift; path = WinesViewModel.swift; sourceTree = "<group>"; };
		8B1B961129FFF0070030A21D /* RecipeInfoViewController.swift */ = {isa = PBXFileReference; lastKnownFileType = sourcecode.swift; path = RecipeInfoViewController.swift; sourceTree = "<group>"; };
		8B1B961329FFF1FF0030A21D /* RecipeInfoModuleOutput.swift */ = {isa = PBXFileReference; lastKnownFileType = sourcecode.swift; path = RecipeInfoModuleOutput.swift; sourceTree = "<group>"; };
		8B1B961529FFF2830030A21D /* RecipeInfoViewModel.swift */ = {isa = PBXFileReference; lastKnownFileType = sourcecode.swift; path = RecipeInfoViewModel.swift; sourceTree = "<group>"; };
		8B1B961729FFF4D00030A21D /* RecipeInfoBuilder.swift */ = {isa = PBXFileReference; lastKnownFileType = sourcecode.swift; path = RecipeInfoBuilder.swift; sourceTree = "<group>"; };
		8B2248D52A24C306005A18BB /* RecipeModuleLocalDataSource.swift */ = {isa = PBXFileReference; lastKnownFileType = sourcecode.swift; path = RecipeModuleLocalDataSource.swift; sourceTree = "<group>"; };
		8B2248D72A24C45B005A18BB /* RecipeModuleLocalDataSourceAssembly.swift */ = {isa = PBXFileReference; lastKnownFileType = sourcecode.swift; path = RecipeModuleLocalDataSourceAssembly.swift; sourceTree = "<group>"; };
		8B2248DA2A24CEA4005A18BB /* RecipeInfoSection.swift */ = {isa = PBXFileReference; lastKnownFileType = sourcecode.swift; path = RecipeInfoSection.swift; sourceTree = "<group>"; };
		8B2248DC2A24CF48005A18BB /* RecipeInstructionSection.swift */ = {isa = PBXFileReference; lastKnownFileType = sourcecode.swift; path = RecipeInstructionSection.swift; sourceTree = "<group>"; };
		8B2248E12A24E106005A18BB /* RecipeInfoCell.swift */ = {isa = PBXFileReference; lastKnownFileType = sourcecode.swift; path = RecipeInfoCell.swift; sourceTree = "<group>"; };
		8B2248E32A24E121005A18BB /* RecipeInstructionStepCell.swift */ = {isa = PBXFileReference; lastKnownFileType = sourcecode.swift; path = RecipeInstructionStepCell.swift; sourceTree = "<group>"; };
		8B2E7CF329EE90170091E129 /* ServiceLocator.swift */ = {isa = PBXFileReference; lastKnownFileType = sourcecode.swift; path = ServiceLocator.swift; sourceTree = "<group>"; };
		8B2E7CF629EE917B0091E129 /* NetworkAssembly.swift */ = {isa = PBXFileReference; lastKnownFileType = sourcecode.swift; path = NetworkAssembly.swift; sourceTree = "<group>"; };
		8B2E7CFC29EFFA350091E129 /* ModuleBuilderProtocol.swift */ = {isa = PBXFileReference; lastKnownFileType = sourcecode.swift; path = ModuleBuilderProtocol.swift; sourceTree = "<group>"; };
		8B32FE6F29E76415009E9B26 /* RecipesRequestModel.swift */ = {isa = PBXFileReference; lastKnownFileType = sourcecode.swift; path = RecipesRequestModel.swift; sourceTree = "<group>"; };
		8B54CA962A12C34D009B76D2 /* RecentRecipeCell .swift */ = {isa = PBXFileReference; lastKnownFileType = sourcecode.swift; path = "RecentRecipeCell .swift"; sourceTree = "<group>"; };
		8B54CA982A12C36A009B76D2 /* SelectionRecipeCell.swift */ = {isa = PBXFileReference; lastKnownFileType = sourcecode.swift; path = SelectionRecipeCell.swift; sourceTree = "<group>"; };
		8B54CA9A2A12C380009B76D2 /* WineSortCell.swift */ = {isa = PBXFileReference; lastKnownFileType = sourcecode.swift; path = WineSortCell.swift; sourceTree = "<group>"; };
		8B54CA9D2A12DB50009B76D2 /* RecentRecipeSection.swift */ = {isa = PBXFileReference; lastKnownFileType = sourcecode.swift; path = RecentRecipeSection.swift; sourceTree = "<group>"; };
		8B54CA9F2A12DB5E009B76D2 /* SelectionRecipeSection.swift */ = {isa = PBXFileReference; lastKnownFileType = sourcecode.swift; path = SelectionRecipeSection.swift; sourceTree = "<group>"; };
		8B54CAA12A12DB6F009B76D2 /* WineSortSection.swift */ = {isa = PBXFileReference; lastKnownFileType = sourcecode.swift; path = WineSortSection.swift; sourceTree = "<group>"; };
		8B54CAA32A12DEB3009B76D2 /* Section.swift */ = {isa = PBXFileReference; lastKnownFileType = sourcecode.swift; path = Section.swift; sourceTree = "<group>"; };
		8B7F59192A234A26002996C4 /* WineTableViewCell.swift */ = {isa = PBXFileReference; lastKnownFileType = sourcecode.swift; name = WineTableViewCell.swift; path = "Kitchen Buddy/Modules/Main/Wines/View/WineTableViewCell.swift"; sourceTree = SOURCE_ROOT; };
		8B7F591B2A237EC5002996C4 /* Double+Extensions.swift */ = {isa = PBXFileReference; lastKnownFileType = sourcecode.swift; path = "Double+Extensions.swift"; sourceTree = "<group>"; };
		8B7F591D2A237EF5002996C4 /* String+Extensions.swift */ = {isa = PBXFileReference; lastKnownFileType = sourcecode.swift; path = "String+Extensions.swift"; sourceTree = "<group>"; };
		8B802DA82A17F49B0062AC1B /* UserDefaultsService.swift */ = {isa = PBXFileReference; lastKnownFileType = sourcecode.swift; path = UserDefaultsService.swift; sourceTree = "<group>"; };
		8B802DAA2A17F6FF0062AC1B /* UserDefaultsAssembly.swift */ = {isa = PBXFileReference; lastKnownFileType = sourcecode.swift; path = UserDefaultsAssembly.swift; sourceTree = "<group>"; };
		8B852BA92A1D5B7E007461A4 /* WinesSort.json */ = {isa = PBXFileReference; fileEncoding = 4; lastKnownFileType = text.json; path = WinesSort.json; sourceTree = "<group>"; };
		8B8A384B29FBDB09008416CE /* UITabBarController+Extensions.swift */ = {isa = PBXFileReference; lastKnownFileType = sourcecode.swift; path = "UITabBarController+Extensions.swift"; sourceTree = "<group>"; };
		8B8FD9D62A0305A400404B9D /* Resolver+Extensions.swift */ = {isa = PBXFileReference; lastKnownFileType = sourcecode.swift; path = "Resolver+Extensions.swift"; sourceTree = "<group>"; };
		8B9639862A016B290031AD7B /* AllSelectionRecipesViewController.swift */ = {isa = PBXFileReference; lastKnownFileType = sourcecode.swift; path = AllSelectionRecipesViewController.swift; sourceTree = "<group>"; };
		8B9639882A016BC20031AD7B /* AllSelectionRecipesViewModel.swift */ = {isa = PBXFileReference; lastKnownFileType = sourcecode.swift; path = AllSelectionRecipesViewModel.swift; sourceTree = "<group>"; };
		8B96398A2A016D340031AD7B /* AllSelectionRecipesModuleOutput.swift */ = {isa = PBXFileReference; lastKnownFileType = sourcecode.swift; path = AllSelectionRecipesModuleOutput.swift; sourceTree = "<group>"; };
		8B96398C2A016DBF0031AD7B /* AllSelectionRecipesBuilder.swift */ = {isa = PBXFileReference; lastKnownFileType = sourcecode.swift; path = AllSelectionRecipesBuilder.swift; sourceTree = "<group>"; };
		8B9733E12A13728E008D39CE /* HeaderView.swift */ = {isa = PBXFileReference; lastKnownFileType = sourcecode.swift; path = HeaderView.swift; sourceTree = "<group>"; };
		8B9733E42A13D1B5008D39CE /* SelectionHeaderView.swift */ = {isa = PBXFileReference; lastKnownFileType = sourcecode.swift; path = SelectionHeaderView.swift; sourceTree = "<group>"; };
		8BA52EE02A1A9F4900550A12 /* LastRecipesService.swift */ = {isa = PBXFileReference; lastKnownFileType = sourcecode.swift; path = LastRecipesService.swift; sourceTree = "<group>"; };
		8BA52EE22A1AA1F500550A12 /* LastRecipesAssembly.swift */ = {isa = PBXFileReference; lastKnownFileType = sourcecode.swift; path = LastRecipesAssembly.swift; sourceTree = "<group>"; };
		8BCB036929FD0254008A1DC1 /* RecipeFlowCoordinator.swift */ = {isa = PBXFileReference; lastKnownFileType = sourcecode.swift; path = RecipeFlowCoordinator.swift; sourceTree = "<group>"; };
		8BCB036B29FD069F008A1DC1 /* WinesFlowCoordinator.swift */ = {isa = PBXFileReference; lastKnownFileType = sourcecode.swift; path = WinesFlowCoordinator.swift; sourceTree = "<group>"; };
		8BD1983229EBF6E500A8F8CE /* MainBuilder.swift */ = {isa = PBXFileReference; lastKnownFileType = sourcecode.swift; path = MainBuilder.swift; sourceTree = "<group>"; };
		8BD1983A29ECA3D700A8F8CE /* MainViewModel.swift */ = {isa = PBXFileReference; lastKnownFileType = sourcecode.swift; path = MainViewModel.swift; sourceTree = "<group>"; };
		8BD1983C29ECA40B00A8F8CE /* MainViewController.swift */ = {isa = PBXFileReference; lastKnownFileType = sourcecode.swift; path = MainViewController.swift; sourceTree = "<group>"; };
		8BD4685A29E2C10F0008F642 /* RecipesAPITarget.swift */ = {isa = PBXFileReference; lastKnownFileType = sourcecode.swift; path = RecipesAPITarget.swift; sourceTree = "<group>"; };
		8BF901B029E97FCB00488B17 /* RootCoordinator.swift */ = {isa = PBXFileReference; lastKnownFileType = sourcecode.swift; path = RootCoordinator.swift; sourceTree = "<group>"; };
		8BF901B229E9A4F200488B17 /* FlowCoordinatorProtocol.swift */ = {isa = PBXFileReference; lastKnownFileType = sourcecode.swift; path = FlowCoordinatorProtocol.swift; sourceTree = "<group>"; };
		8BF901B429E9A85C00488B17 /* TabBarCoordinator.swift */ = {isa = PBXFileReference; lastKnownFileType = sourcecode.swift; path = TabBarCoordinator.swift; sourceTree = "<group>"; };
		8BF901B629E9E1D100488B17 /* MainFlowCoordinator.swift */ = {isa = PBXFileReference; lastKnownFileType = sourcecode.swift; path = MainFlowCoordinator.swift; sourceTree = "<group>"; };
		8BF901B829E9E53600488B17 /* SearchFlowCoordinator.swift */ = {isa = PBXFileReference; lastKnownFileType = sourcecode.swift; path = SearchFlowCoordinator.swift; sourceTree = "<group>"; };
		8BF901BA29E9E56B00488B17 /* FavouriteFlowCoordinator.swift */ = {isa = PBXFileReference; lastKnownFileType = sourcecode.swift; path = FavouriteFlowCoordinator.swift; sourceTree = "<group>"; };
		8BFC784E2A25F0C60091B76B /* InformationLabel.swift */ = {isa = PBXFileReference; lastKnownFileType = sourcecode.swift; path = InformationLabel.swift; sourceTree = "<group>"; };
		8BFC78502A25FB1B0091B76B /* SimilarRecipes.swift */ = {isa = PBXFileReference; lastKnownFileType = sourcecode.swift; path = SimilarRecipes.swift; sourceTree = "<group>"; };
		A92939CAB51556954A209707 /* Pods_Kitchen_Buddy.framework */ = {isa = PBXFileReference; explicitFileType = wrapper.framework; includeInIndex = 0; path = Pods_Kitchen_Buddy.framework; sourceTree = BUILT_PRODUCTS_DIR; };
		D506B2F23D92F9F60C36AC2E /* Pods-Kitchen Buddy.release.xcconfig */ = {isa = PBXFileReference; includeInIndex = 1; lastKnownFileType = text.xcconfig; name = "Pods-Kitchen Buddy.release.xcconfig"; path = "Target Support Files/Pods-Kitchen Buddy/Pods-Kitchen Buddy.release.xcconfig"; sourceTree = "<group>"; };
		EA53172229D62677007B6953 /* Kitchen Buddy.app */ = {isa = PBXFileReference; explicitFileType = wrapper.application; includeInIndex = 0; path = "Kitchen Buddy.app"; sourceTree = BUILT_PRODUCTS_DIR; };
		EA53172529D62677007B6953 /* AppDelegate.swift */ = {isa = PBXFileReference; lastKnownFileType = sourcecode.swift; path = AppDelegate.swift; sourceTree = "<group>"; };
		EA53172729D62677007B6953 /* SceneDelegate.swift */ = {isa = PBXFileReference; lastKnownFileType = sourcecode.swift; path = SceneDelegate.swift; sourceTree = "<group>"; };
		EA53172929D62677007B6953 /* ViewController.swift */ = {isa = PBXFileReference; lastKnownFileType = sourcecode.swift; path = ViewController.swift; sourceTree = "<group>"; };
		EA53172F29D62677007B6953 /* Kitchen_Buddy.xcdatamodel */ = {isa = PBXFileReference; lastKnownFileType = wrapper.xcdatamodel; path = Kitchen_Buddy.xcdatamodel; sourceTree = "<group>"; };
		EA53173129D6267A007B6953 /* Assets.xcassets */ = {isa = PBXFileReference; lastKnownFileType = folder.assetcatalog; path = Assets.xcassets; sourceTree = "<group>"; };
		EA53173429D6267A007B6953 /* Base */ = {isa = PBXFileReference; lastKnownFileType = file.storyboard; name = Base; path = Base.lproj/LaunchScreen.storyboard; sourceTree = "<group>"; };
		EA53173629D6267A007B6953 /* Info.plist */ = {isa = PBXFileReference; lastKnownFileType = text.plist.xml; path = Info.plist; sourceTree = "<group>"; };
		EA53173C29D62BE1007B6953 /* RandomRecipes.swift */ = {isa = PBXFileReference; lastKnownFileType = sourcecode.swift; path = RandomRecipes.swift; sourceTree = "<group>"; };
		EA53174029D63187007B6953 /* NetworkService.swift */ = {isa = PBXFileReference; lastKnownFileType = sourcecode.swift; path = NetworkService.swift; sourceTree = "<group>"; };
		EAD6AFDE29D7254400BD7464 /* Wines.swift */ = {isa = PBXFileReference; lastKnownFileType = sourcecode.swift; path = Wines.swift; sourceTree = "<group>"; };
		EAD6AFE229D729F600BD7464 /* FoundIngredients.swift */ = {isa = PBXFileReference; lastKnownFileType = sourcecode.swift; path = FoundIngredients.swift; sourceTree = "<group>"; };
		EAD6AFE429D7774D00BD7464 /* SearchRecipes.swift */ = {isa = PBXFileReference; lastKnownFileType = sourcecode.swift; path = SearchRecipes.swift; sourceTree = "<group>"; };
		EAD6AFE629D778A700BD7464 /* CuisineType.swift */ = {isa = PBXFileReference; lastKnownFileType = sourcecode.swift; path = CuisineType.swift; sourceTree = "<group>"; };
		EAD6AFE829D77B6700BD7464 /* IntoleranceType.swift */ = {isa = PBXFileReference; lastKnownFileType = sourcecode.swift; path = IntoleranceType.swift; sourceTree = "<group>"; };
		EAD6AFEB29D77BD900BD7464 /* SortingParam.swift */ = {isa = PBXFileReference; lastKnownFileType = sourcecode.swift; path = SortingParam.swift; sourceTree = "<group>"; };
		EAD6AFED29D77D5D00BD7464 /* DietType.swift */ = {isa = PBXFileReference; lastKnownFileType = sourcecode.swift; path = DietType.swift; sourceTree = "<group>"; };
		EAD6AFEF29D781D000BD7464 /* MealTypes.swift */ = {isa = PBXFileReference; lastKnownFileType = sourcecode.swift; path = MealTypes.swift; sourceTree = "<group>"; };
/* End PBXFileReference section */

/* Begin PBXFrameworksBuildPhase section */
		EA53171F29D62677007B6953 /* Frameworks */ = {
			isa = PBXFrameworksBuildPhase;
			buildActionMask = 2147483647;
			files = (
				483220E19606E398079478C4 /* Pods_Kitchen_Buddy.framework in Frameworks */,
			);
			runOnlyForDeploymentPostprocessing = 0;
		};
/* End PBXFrameworksBuildPhase section */

/* Begin PBXGroup section */
		8B1B960429FFD2720030A21D /* Main */ = {
			isa = PBXGroup;
			children = (
				8B8A385C29FC2B36008416CE /* Main */,
				8B9639842A016AE20031AD7B /* AllSelectionRecipes */,
				8B1B960529FFD29E0030A21D /* Wines */,
			);
			path = Main;
			sourceTree = "<group>";
		};
		8B1B960529FFD29E0030A21D /* Wines */ = {
			isa = PBXGroup;
			children = (
				8BFC78522A2673230091B76B /* View */,
				8B1B960D29FFD6CD0030A21D /* WinesViewModel.swift */,
				8B1B960B29FFD3750030A21D /* WinesModuleOutput.swift */,
				8BCB036B29FD069F008A1DC1 /* WinesFlowCoordinator.swift */,
				8B1B960929FFD31F0030A21D /* WinesBuilder.swift */,
			);
			path = Wines;
			sourceTree = "<group>";
		};
		8B1B960F29FFDCEE0030A21D /* RecipeInfo */ = {
			isa = PBXGroup;
			children = (
				8B1B961029FFDD140030A21D /* View */,
				8B1B961529FFF2830030A21D /* RecipeInfoViewModel.swift */,
				8B1B961329FFF1FF0030A21D /* RecipeInfoModuleOutput.swift */,
				8BCB036929FD0254008A1DC1 /* RecipeFlowCoordinator.swift */,
				8B1B961729FFF4D00030A21D /* RecipeInfoBuilder.swift */,
			);
			path = RecipeInfo;
			sourceTree = "<group>";
		};
		8B1B961029FFDD140030A21D /* View */ = {
			isa = PBXGroup;
			children = (
				8BFC784D2A25F0B00091B76B /* Components */,
				8B2248E02A24DD5B005A18BB /* Cells */,
				8B2248D92A24CE5A005A18BB /* Sections */,
				8B1B961129FFF0070030A21D /* RecipeInfoViewController.swift */,
			);
			path = View;
			sourceTree = "<group>";
		};
		8B2248D92A24CE5A005A18BB /* Sections */ = {
			isa = PBXGroup;
			children = (
				8B2248DA2A24CEA4005A18BB /* RecipeInfoSection.swift */,
				8B2248DC2A24CF48005A18BB /* RecipeInstructionSection.swift */,
			);
			path = Sections;
			sourceTree = "<group>";
		};
		8B2248E02A24DD5B005A18BB /* Cells */ = {
			isa = PBXGroup;
			children = (
				8B2248E12A24E106005A18BB /* RecipeInfoCell.swift */,
				8B2248E32A24E121005A18BB /* RecipeInstructionStepCell.swift */,
			);
			path = Cells;
			sourceTree = "<group>";
		};
		8B2E7CF529EE91300091E129 /* DependencyAssemblers */ = {
			isa = PBXGroup;
			children = (
				8B2E7CF629EE917B0091E129 /* NetworkAssembly.swift */,
				8B802DAA2A17F6FF0062AC1B /* UserDefaultsAssembly.swift */,
				8BA52EE22A1AA1F500550A12 /* LastRecipesAssembly.swift */,
				8B01AFE02A22602700A8C711 /* WineModuleLocalDataSourceAssembly.swift */,
				8B2248D72A24C45B005A18BB /* RecipeModuleLocalDataSourceAssembly.swift */,
			);
			path = DependencyAssemblers;
			sourceTree = "<group>";
		};
		8B54CA952A12C2F7009B76D2 /* Cells */ = {
			isa = PBXGroup;
			children = (
				8B54CA962A12C34D009B76D2 /* RecentRecipeCell .swift */,
				8B54CA982A12C36A009B76D2 /* SelectionRecipeCell.swift */,
				8B54CA9A2A12C380009B76D2 /* WineSortCell.swift */,
			);
			path = Cells;
			sourceTree = "<group>";
		};
		8B54CA9C2A12DB2F009B76D2 /* Sections */ = {
			isa = PBXGroup;
			children = (
				8B54CA9D2A12DB50009B76D2 /* RecentRecipeSection.swift */,
				8B54CA9F2A12DB5E009B76D2 /* SelectionRecipeSection.swift */,
				8B54CAA12A12DB6F009B76D2 /* WineSortSection.swift */,
				8B54CAA32A12DEB3009B76D2 /* Section.swift */,
			);
			path = Sections;
			sourceTree = "<group>";
		};
		8B852BAB2A1D5B97007461A4 /* StaticData */ = {
			isa = PBXGroup;
			children = (
				8B852BA92A1D5B7E007461A4 /* WinesSort.json */,
			);
			path = StaticData;
			sourceTree = "<group>";
		};
		8B8A384A29FBDABE008416CE /* Extensions */ = {
			isa = PBXGroup;
			children = (
				8B8A384B29FBDB09008416CE /* UITabBarController+Extensions.swift */,
				8B1B95F229FE68E80030A21D /* Bundle+Extensions.swift */,
				8B8FD9D62A0305A400404B9D /* Resolver+Extensions.swift */,
				8B7F591B2A237EC5002996C4 /* Double+Extensions.swift */,
				8B7F591D2A237EF5002996C4 /* String+Extensions.swift */,
			);
			path = Extensions;
			sourceTree = "<group>";
		};
		8B8A384D29FBDF26008416CE /* Modules */ = {
			isa = PBXGroup;
			children = (
				8B1B960F29FFDCEE0030A21D /* RecipeInfo */,
				8B1B960429FFD2720030A21D /* Main */,
			);
			path = Modules;
			sourceTree = "<group>";
		};
		8B8A385C29FC2B36008416CE /* Main */ = {
			isa = PBXGroup;
			children = (
				8B8A385D29FC2B88008416CE /* View */,
				8BD1983A29ECA3D700A8F8CE /* MainViewModel.swift */,
				8B1B960029FFCC7E0030A21D /* MainModuleOutput.swift */,
				8BF901B629E9E1D100488B17 /* MainFlowCoordinator.swift */,
				8BD1983229EBF6E500A8F8CE /* MainBuilder.swift */,
			);
			path = Main;
			sourceTree = "<group>";
		};
		8B8A385D29FC2B88008416CE /* View */ = {
			isa = PBXGroup;
			children = (
				8B9733E32A13D187008D39CE /* Headers */,
				8B54CA9C2A12DB2F009B76D2 /* Sections */,
				8B54CA952A12C2F7009B76D2 /* Cells */,
				8BD1983C29ECA40B00A8F8CE /* MainViewController.swift */,
			);
			path = View;
			sourceTree = "<group>";
		};
		8B9639842A016AE20031AD7B /* AllSelectionRecipes */ = {
			isa = PBXGroup;
			children = (
				8B9639852A016B120031AD7B /* View */,
				8B9639882A016BC20031AD7B /* AllSelectionRecipesViewModel.swift */,
				8B1B95FE29FE830B0030A21D /* AllSelectionRecipesFlowCoordinator.swift */,
				8B96398A2A016D340031AD7B /* AllSelectionRecipesModuleOutput.swift */,
				8B96398C2A016DBF0031AD7B /* AllSelectionRecipesBuilder.swift */,
			);
			path = AllSelectionRecipes;
			sourceTree = "<group>";
		};
		8B9639852A016B120031AD7B /* View */ = {
			isa = PBXGroup;
			children = (
				8B9639862A016B290031AD7B /* AllSelectionRecipesViewController.swift */,
			);
			path = View;
			sourceTree = "<group>";
		};
		8B9733E32A13D187008D39CE /* Headers */ = {
			isa = PBXGroup;
			children = (
				8B9733E12A13728E008D39CE /* HeaderView.swift */,
				8B9733E42A13D1B5008D39CE /* SelectionHeaderView.swift */,
			);
			path = Headers;
			sourceTree = "<group>";
		};
		8BD1983129EBF6C500A8F8CE /* Builders */ = {
			isa = PBXGroup;
			children = (
				8B2E7CFC29EFFA350091E129 /* ModuleBuilderProtocol.swift */,
			);
			path = Builders;
			sourceTree = "<group>";
		};
		8BD1983829ECA3AB00A8F8CE /* Views */ = {
			isa = PBXGroup;
			children = (
				EA53172929D62677007B6953 /* ViewController.swift */,
			);
			path = Views;
			sourceTree = "<group>";
		};
		8BF901AF29E97FB300488B17 /* Coordinators */ = {
			isa = PBXGroup;
			children = (
				8BF901B229E9A4F200488B17 /* FlowCoordinatorProtocol.swift */,
				8BF901B029E97FCB00488B17 /* RootCoordinator.swift */,
				8BF901B429E9A85C00488B17 /* TabBarCoordinator.swift */,
				8BF901B829E9E53600488B17 /* SearchFlowCoordinator.swift */,
				8BF901BA29E9E56B00488B17 /* FavouriteFlowCoordinator.swift */,
			);
			path = Coordinators;
			sourceTree = "<group>";
		};
		8BFC784D2A25F0B00091B76B /* Components */ = {
			isa = PBXGroup;
			children = (
				8BFC784E2A25F0C60091B76B /* InformationLabel.swift */,
			);
			path = Components;
			sourceTree = "<group>";
		};
		8BFC78522A2673230091B76B /* View */ = {
			isa = PBXGroup;
			children = (
				8B1B960729FFD2D90030A21D /* WinesViewController.swift */,
				8B7F59192A234A26002996C4 /* WineTableViewCell.swift */,
			);
			path = View;
			sourceTree = "<group>";
		};
		97594CE8A6075D286FD53F7A /* Frameworks */ = {
			isa = PBXGroup;
			children = (
				A92939CAB51556954A209707 /* Pods_Kitchen_Buddy.framework */,
			);
			name = Frameworks;
			sourceTree = "<group>";
		};
		BC56DAEB262E5DAC9A4C0586 /* Pods */ = {
			isa = PBXGroup;
			children = (
				27A15F89B28F53579E485F78 /* Pods-Kitchen Buddy.debug.xcconfig */,
				D506B2F23D92F9F60C36AC2E /* Pods-Kitchen Buddy.release.xcconfig */,
			);
			path = Pods;
			sourceTree = "<group>";
		};
		EA53171929D62677007B6953 = {
			isa = PBXGroup;
			children = (
				EA53172429D62677007B6953 /* Kitchen Buddy */,
				EA53172329D62677007B6953 /* Products */,
				BC56DAEB262E5DAC9A4C0586 /* Pods */,
				97594CE8A6075D286FD53F7A /* Frameworks */,
			);
			sourceTree = "<group>";
		};
		EA53172329D62677007B6953 /* Products */ = {
			isa = PBXGroup;
			children = (
				EA53172229D62677007B6953 /* Kitchen Buddy.app */,
			);
			name = Products;
			sourceTree = "<group>";
		};
		EA53172429D62677007B6953 /* Kitchen Buddy */ = {
			isa = PBXGroup;
			children = (
				8B852BAB2A1D5B97007461A4 /* StaticData */,
				8B8A384D29FBDF26008416CE /* Modules */,
				8B8A384A29FBDABE008416CE /* Extensions */,
				8B2E7CF529EE91300091E129 /* DependencyAssemblers */,
				8BD1983829ECA3AB00A8F8CE /* Views */,
				8BD1983129EBF6C500A8F8CE /* Builders */,
				8BF901AF29E97FB300488B17 /* Coordinators */,
				EA53173F29D63174007B6953 /* Services */,
				EA53173E29D62BE8007B6953 /* Models */,
				EA53172529D62677007B6953 /* AppDelegate.swift */,
				EA53172729D62677007B6953 /* SceneDelegate.swift */,
				8B2E7CF329EE90170091E129 /* ServiceLocator.swift */,
				EA53173129D6267A007B6953 /* Assets.xcassets */,
				EA53173329D6267A007B6953 /* LaunchScreen.storyboard */,
				EA53173629D6267A007B6953 /* Info.plist */,
				EA53172E29D62677007B6953 /* Kitchen_Buddy.xcdatamodeld */,
			);
			path = "Kitchen Buddy";
			sourceTree = "<group>";
		};
		EA53173E29D62BE8007B6953 /* Models */ = {
			isa = PBXGroup;
			children = (
				EA53173C29D62BE1007B6953 /* RandomRecipes.swift */,
				EAD6AFDE29D7254400BD7464 /* Wines.swift */,
				EAD6AFE229D729F600BD7464 /* FoundIngredients.swift */,
				EAD6AFE429D7774D00BD7464 /* SearchRecipes.swift */,
				EAD6AFE629D778A700BD7464 /* CuisineType.swift */,
				EAD6AFE829D77B6700BD7464 /* IntoleranceType.swift */,
				EAD6AFED29D77D5D00BD7464 /* DietType.swift */,
				EAD6AFEB29D77BD900BD7464 /* SortingParam.swift */,
				EAD6AFEF29D781D000BD7464 /* MealTypes.swift */,
				8B32FE6F29E76415009E9B26 /* RecipesRequestModel.swift */,
				8BFC78502A25FB1B0091B76B /* SimilarRecipes.swift */,
			);
			path = Models;
			sourceTree = "<group>";
		};
		EA53173F29D63174007B6953 /* Services */ = {
			isa = PBXGroup;
			children = (
				EA53174029D63187007B6953 /* NetworkService.swift */,
				8BD4685A29E2C10F0008F642 /* RecipesAPITarget.swift */,
				8B802DA82A17F49B0062AC1B /* UserDefaultsService.swift */,
				8BA52EE02A1A9F4900550A12 /* LastRecipesService.swift */,
				8B01AFDE2A225F9C00A8C711 /* WineModuleLocalDataSource.swift */,
				8B2248D52A24C306005A18BB /* RecipeModuleLocalDataSource.swift */,
			);
			path = Services;
			sourceTree = "<group>";
		};
/* End PBXGroup section */

/* Begin PBXNativeTarget section */
		EA53172129D62677007B6953 /* Kitchen Buddy */ = {
			isa = PBXNativeTarget;
			buildConfigurationList = EA53173929D6267A007B6953 /* Build configuration list for PBXNativeTarget "Kitchen Buddy" */;
			buildPhases = (
				D1C87718A86C6D1E13287BF3 /* [CP] Check Pods Manifest.lock */,
				8B8A386529DCC41A00998907 /* SwiftLint */,
				EA53171E29D62677007B6953 /* Sources */,
				EA53171F29D62677007B6953 /* Frameworks */,
				EA53172029D62677007B6953 /* Resources */,
				F914C7572DC8B25B50178E4D /* [CP] Embed Pods Frameworks */,
			);
			buildRules = (
			);
			dependencies = (
			);
			name = "Kitchen Buddy";
			productName = "Kitchen Buddy";
			productReference = EA53172229D62677007B6953 /* Kitchen Buddy.app */;
			productType = "com.apple.product-type.application";
		};
/* End PBXNativeTarget section */

/* Begin PBXProject section */
		EA53171A29D62677007B6953 /* Project object */ = {
			isa = PBXProject;
			attributes = {
				BuildIndependentTargetsInParallel = 1;
				LastSwiftUpdateCheck = 1400;
				LastUpgradeCheck = 1400;
				TargetAttributes = {
					EA53172129D62677007B6953 = {
						CreatedOnToolsVersion = 14.0.1;
					};
				};
			};
			buildConfigurationList = EA53171D29D62677007B6953 /* Build configuration list for PBXProject "Kitchen Buddy" */;
			compatibilityVersion = "Xcode 14.0";
			developmentRegion = en;
			hasScannedForEncodings = 0;
			knownRegions = (
				en,
				Base,
			);
			mainGroup = EA53171929D62677007B6953;
			productRefGroup = EA53172329D62677007B6953 /* Products */;
			projectDirPath = "";
			projectRoot = "";
			targets = (
				EA53172129D62677007B6953 /* Kitchen Buddy */,
			);
		};
/* End PBXProject section */

/* Begin PBXResourcesBuildPhase section */
		EA53172029D62677007B6953 /* Resources */ = {
			isa = PBXResourcesBuildPhase;
			buildActionMask = 2147483647;
			files = (
				EA53173529D6267A007B6953 /* LaunchScreen.storyboard in Resources */,
				EA53173229D6267A007B6953 /* Assets.xcassets in Resources */,
				8B852BAA2A1D5B7E007461A4 /* WinesSort.json in Resources */,
			);
			runOnlyForDeploymentPostprocessing = 0;
		};
/* End PBXResourcesBuildPhase section */

/* Begin PBXShellScriptBuildPhase section */
		8B8A386529DCC41A00998907 /* SwiftLint */ = {
			isa = PBXShellScriptBuildPhase;
			buildActionMask = 2147483647;
			files = (
			);
			inputFileListPaths = (
			);
			inputPaths = (
			);
			name = SwiftLint;
			outputFileListPaths = (
			);
			outputPaths = (
			);
			runOnlyForDeploymentPostprocessing = 0;
			shellPath = /bin/sh;
			shellScript = "\"${PODS_ROOT}/SwiftLint/swiftlint\"\n";
		};
		D1C87718A86C6D1E13287BF3 /* [CP] Check Pods Manifest.lock */ = {
			isa = PBXShellScriptBuildPhase;
			buildActionMask = 2147483647;
			files = (
			);
			inputFileListPaths = (
			);
			inputPaths = (
				"${PODS_PODFILE_DIR_PATH}/Podfile.lock",
				"${PODS_ROOT}/Manifest.lock",
			);
			name = "[CP] Check Pods Manifest.lock";
			outputFileListPaths = (
			);
			outputPaths = (
				"$(DERIVED_FILE_DIR)/Pods-Kitchen Buddy-checkManifestLockResult.txt",
			);
			runOnlyForDeploymentPostprocessing = 0;
			shellPath = /bin/sh;
			shellScript = "diff \"${PODS_PODFILE_DIR_PATH}/Podfile.lock\" \"${PODS_ROOT}/Manifest.lock\" > /dev/null\nif [ $? != 0 ] ; then\n    # print error to STDERR\n    echo \"error: The sandbox is not in sync with the Podfile.lock. Run 'pod install' or update your CocoaPods installation.\" >&2\n    exit 1\nfi\n# This output is used by Xcode 'outputs' to avoid re-running this script phase.\necho \"SUCCESS\" > \"${SCRIPT_OUTPUT_FILE_0}\"\n";
			showEnvVarsInLog = 0;
		};
		F914C7572DC8B25B50178E4D /* [CP] Embed Pods Frameworks */ = {
			isa = PBXShellScriptBuildPhase;
			buildActionMask = 2147483647;
			files = (
			);
			inputFileListPaths = (
				"${PODS_ROOT}/Target Support Files/Pods-Kitchen Buddy/Pods-Kitchen Buddy-frameworks-${CONFIGURATION}-input-files.xcfilelist",
			);
			name = "[CP] Embed Pods Frameworks";
			outputFileListPaths = (
				"${PODS_ROOT}/Target Support Files/Pods-Kitchen Buddy/Pods-Kitchen Buddy-frameworks-${CONFIGURATION}-output-files.xcfilelist",
			);
			runOnlyForDeploymentPostprocessing = 0;
			shellPath = /bin/sh;
			shellScript = "\"${PODS_ROOT}/Target Support Files/Pods-Kitchen Buddy/Pods-Kitchen Buddy-frameworks.sh\"\n";
			showEnvVarsInLog = 0;
		};
/* End PBXShellScriptBuildPhase section */

/* Begin PBXSourcesBuildPhase section */
		EA53171E29D62677007B6953 /* Sources */ = {
			isa = PBXSourcesBuildPhase;
			buildActionMask = 2147483647;
			files = (
				8B2248D62A24C306005A18BB /* RecipeModuleLocalDataSource.swift in Sources */,
				8B802DAB2A17F6FF0062AC1B /* UserDefaultsAssembly.swift in Sources */,
				8B1B961629FFF2830030A21D /* RecipeInfoViewModel.swift in Sources */,
				8B2248DD2A24CF48005A18BB /* RecipeInstructionSection.swift in Sources */,
				8B1B960C29FFD3750030A21D /* WinesModuleOutput.swift in Sources */,
				8BA52EE12A1A9F4900550A12 /* LastRecipesService.swift in Sources */,
				8B54CA992A12C36A009B76D2 /* SelectionRecipeCell.swift in Sources */,
				8B1B95FF29FE830B0030A21D /* AllSelectionRecipesFlowCoordinator.swift in Sources */,
				8B2E7CF429EE90170091E129 /* ServiceLocator.swift in Sources */,
				8BA52EE32A1AA1F500550A12 /* LastRecipesAssembly.swift in Sources */,
				8B7F591A2A234A27002996C4 /* WineTableViewCell.swift in Sources */,
				8B1B960E29FFD6CD0030A21D /* WinesViewModel.swift in Sources */,
				8B54CA9E2A12DB50009B76D2 /* RecentRecipeSection.swift in Sources */,
				8B2248E22A24E106005A18BB /* RecipeInfoCell.swift in Sources */,
				EAD6AFE529D7774D00BD7464 /* SearchRecipes.swift in Sources */,
				EAD6AFF029D781D000BD7464 /* MealTypes.swift in Sources */,
				8B54CAA42A12DEB3009B76D2 /* Section.swift in Sources */,
				8BF901B129E97FCB00488B17 /* RootCoordinator.swift in Sources */,
				8B54CAA22A12DB6F009B76D2 /* WineSortSection.swift in Sources */,
				8BD4685B29E2C10F0008F642 /* RecipesAPITarget.swift in Sources */,
				8BD1983B29ECA3D700A8F8CE /* MainViewModel.swift in Sources */,
				8B9733E52A13D1B5008D39CE /* SelectionHeaderView.swift in Sources */,
				8BD1983D29ECA40B00A8F8CE /* MainViewController.swift in Sources */,
				EA53173D29D62BE1007B6953 /* RandomRecipes.swift in Sources */,
				8B54CAA02A12DB5E009B76D2 /* SelectionRecipeSection.swift in Sources */,
				8B01AFDF2A225F9C00A8C711 /* WineModuleLocalDataSource.swift in Sources */,
				EAD6AFEE29D77D5D00BD7464 /* DietType.swift in Sources */,
				8B1B960A29FFD3200030A21D /* WinesBuilder.swift in Sources */,
				8BF901BB29E9E56B00488B17 /* FavouriteFlowCoordinator.swift in Sources */,
				8B1B960129FFCC7E0030A21D /* MainModuleOutput.swift in Sources */,
				8BFC78512A25FB1B0091B76B /* SimilarRecipes.swift in Sources */,
				8BCB036A29FD0254008A1DC1 /* RecipeFlowCoordinator.swift in Sources */,
				8B8A384C29FBDB09008416CE /* UITabBarController+Extensions.swift in Sources */,
				8B1B961229FFF0070030A21D /* RecipeInfoViewController.swift in Sources */,
				8B01AFE12A22602700A8C711 /* WineModuleLocalDataSourceAssembly.swift in Sources */,
				8B1B961429FFF1FF0030A21D /* RecipeInfoModuleOutput.swift in Sources */,
				8B96398D2A016DBF0031AD7B /* AllSelectionRecipesBuilder.swift in Sources */,
				8B1B960829FFD2D90030A21D /* WinesViewController.swift in Sources */,
				EA53172A29D62677007B6953 /* ViewController.swift in Sources */,
				EA53172629D62677007B6953 /* AppDelegate.swift in Sources */,
				8BF901B329E9A4F200488B17 /* FlowCoordinatorProtocol.swift in Sources */,
				EA53172829D62677007B6953 /* SceneDelegate.swift in Sources */,
				8BFC784F2A25F0C60091B76B /* InformationLabel.swift in Sources */,
				8BF901B529E9A85C00488B17 /* TabBarCoordinator.swift in Sources */,
				8B54CA972A12C34D009B76D2 /* RecentRecipeCell .swift in Sources */,
				8B2248D82A24C45B005A18BB /* RecipeModuleLocalDataSourceAssembly.swift in Sources */,
				8B7F591E2A237EF5002996C4 /* String+Extensions.swift in Sources */,
				8B7F591C2A237EC5002996C4 /* Double+Extensions.swift in Sources */,
				EAD6AFE929D77B6700BD7464 /* IntoleranceType.swift in Sources */,
				8B9639892A016BC20031AD7B /* AllSelectionRecipesViewModel.swift in Sources */,
				8B9639872A016B290031AD7B /* AllSelectionRecipesViewController.swift in Sources */,
				8B54CA9B2A12C380009B76D2 /* WineSortCell.swift in Sources */,
				8B96398B2A016D340031AD7B /* AllSelectionRecipesModuleOutput.swift in Sources */,
				8B32FE7029E76415009E9B26 /* RecipesRequestModel.swift in Sources */,
				8BF901B929E9E53600488B17 /* SearchFlowCoordinator.swift in Sources */,
				8B9733E22A13728E008D39CE /* HeaderView.swift in Sources */,
				8BCB036C29FD069F008A1DC1 /* WinesFlowCoordinator.swift in Sources */,
				8BD1983329EBF6E500A8F8CE /* MainBuilder.swift in Sources */,
				8BF901B729E9E1D100488B17 /* MainFlowCoordinator.swift in Sources */,
				8B8FD9D72A0305A400404B9D /* Resolver+Extensions.swift in Sources */,
				8B1B95F329FE68E80030A21D /* Bundle+Extensions.swift in Sources */,
				EAD6AFE329D729F600BD7464 /* FoundIngredients.swift in Sources */,
				8B2E7CFD29EFFA360091E129 /* ModuleBuilderProtocol.swift in Sources */,
				8B2248DB2A24CEA4005A18BB /* RecipeInfoSection.swift in Sources */,
				8B2E7CF729EE917B0091E129 /* NetworkAssembly.swift in Sources */,
				8B2248E42A24E121005A18BB /* RecipeInstructionStepCell.swift in Sources */,
				EA53174129D63187007B6953 /* NetworkService.swift in Sources */,
				EAD6AFE729D778A700BD7464 /* CuisineType.swift in Sources */,
				EAD6AFEC29D77BD900BD7464 /* SortingParam.swift in Sources */,
				8B1B961829FFF4D00030A21D /* RecipeInfoBuilder.swift in Sources */,
				8B802DA92A17F49B0062AC1B /* UserDefaultsService.swift in Sources */,
				EA53173029D62677007B6953 /* Kitchen_Buddy.xcdatamodeld in Sources */,
				EAD6AFDF29D7254400BD7464 /* Wines.swift in Sources */,
			);
			runOnlyForDeploymentPostprocessing = 0;
		};
/* End PBXSourcesBuildPhase section */

/* Begin PBXVariantGroup section */
		EA53173329D6267A007B6953 /* LaunchScreen.storyboard */ = {
			isa = PBXVariantGroup;
			children = (
				EA53173429D6267A007B6953 /* Base */,
			);
			name = LaunchScreen.storyboard;
			sourceTree = "<group>";
		};
/* End PBXVariantGroup section */

/* Begin XCBuildConfiguration section */
		EA53173729D6267A007B6953 /* Debug */ = {
			isa = XCBuildConfiguration;
			buildSettings = {
				ALWAYS_SEARCH_USER_PATHS = NO;
				CLANG_ANALYZER_NONNULL = YES;
				CLANG_ANALYZER_NUMBER_OBJECT_CONVERSION = YES_AGGRESSIVE;
				CLANG_CXX_LANGUAGE_STANDARD = "gnu++20";
				CLANG_ENABLE_MODULES = YES;
				CLANG_ENABLE_OBJC_ARC = YES;
				CLANG_ENABLE_OBJC_WEAK = YES;
				CLANG_WARN_BLOCK_CAPTURE_AUTORELEASING = YES;
				CLANG_WARN_BOOL_CONVERSION = YES;
				CLANG_WARN_COMMA = YES;
				CLANG_WARN_CONSTANT_CONVERSION = YES;
				CLANG_WARN_DEPRECATED_OBJC_IMPLEMENTATIONS = YES;
				CLANG_WARN_DIRECT_OBJC_ISA_USAGE = YES_ERROR;
				CLANG_WARN_DOCUMENTATION_COMMENTS = YES;
				CLANG_WARN_EMPTY_BODY = YES;
				CLANG_WARN_ENUM_CONVERSION = YES;
				CLANG_WARN_INFINITE_RECURSION = YES;
				CLANG_WARN_INT_CONVERSION = YES;
				CLANG_WARN_NON_LITERAL_NULL_CONVERSION = YES;
				CLANG_WARN_OBJC_IMPLICIT_RETAIN_SELF = YES;
				CLANG_WARN_OBJC_LITERAL_CONVERSION = YES;
				CLANG_WARN_OBJC_ROOT_CLASS = YES_ERROR;
				CLANG_WARN_QUOTED_INCLUDE_IN_FRAMEWORK_HEADER = YES;
				CLANG_WARN_RANGE_LOOP_ANALYSIS = YES;
				CLANG_WARN_STRICT_PROTOTYPES = YES;
				CLANG_WARN_SUSPICIOUS_MOVE = YES;
				CLANG_WARN_UNGUARDED_AVAILABILITY = YES_AGGRESSIVE;
				CLANG_WARN_UNREACHABLE_CODE = YES;
				CLANG_WARN__DUPLICATE_METHOD_MATCH = YES;
				COPY_PHASE_STRIP = NO;
				DEBUG_INFORMATION_FORMAT = dwarf;
				ENABLE_STRICT_OBJC_MSGSEND = YES;
				ENABLE_TESTABILITY = YES;
				GCC_C_LANGUAGE_STANDARD = gnu11;
				GCC_DYNAMIC_NO_PIC = NO;
				GCC_NO_COMMON_BLOCKS = YES;
				GCC_OPTIMIZATION_LEVEL = 0;
				GCC_PREPROCESSOR_DEFINITIONS = (
					"DEBUG=1",
					"$(inherited)",
				);
				GCC_WARN_64_TO_32_BIT_CONVERSION = YES;
				GCC_WARN_ABOUT_RETURN_TYPE = YES_ERROR;
				GCC_WARN_UNDECLARED_SELECTOR = YES;
				GCC_WARN_UNINITIALIZED_AUTOS = YES_AGGRESSIVE;
				GCC_WARN_UNUSED_FUNCTION = YES;
				GCC_WARN_UNUSED_VARIABLE = YES;
				IPHONEOS_DEPLOYMENT_TARGET = 16.0;
				MTL_ENABLE_DEBUG_INFO = INCLUDE_SOURCE;
				MTL_FAST_MATH = YES;
				ONLY_ACTIVE_ARCH = YES;
				SDKROOT = iphoneos;
				SWIFT_ACTIVE_COMPILATION_CONDITIONS = DEBUG;
				SWIFT_OPTIMIZATION_LEVEL = "-Onone";
			};
			name = Debug;
		};
		EA53173829D6267A007B6953 /* Release */ = {
			isa = XCBuildConfiguration;
			buildSettings = {
				ALWAYS_SEARCH_USER_PATHS = NO;
				CLANG_ANALYZER_NONNULL = YES;
				CLANG_ANALYZER_NUMBER_OBJECT_CONVERSION = YES_AGGRESSIVE;
				CLANG_CXX_LANGUAGE_STANDARD = "gnu++20";
				CLANG_ENABLE_MODULES = YES;
				CLANG_ENABLE_OBJC_ARC = YES;
				CLANG_ENABLE_OBJC_WEAK = YES;
				CLANG_WARN_BLOCK_CAPTURE_AUTORELEASING = YES;
				CLANG_WARN_BOOL_CONVERSION = YES;
				CLANG_WARN_COMMA = YES;
				CLANG_WARN_CONSTANT_CONVERSION = YES;
				CLANG_WARN_DEPRECATED_OBJC_IMPLEMENTATIONS = YES;
				CLANG_WARN_DIRECT_OBJC_ISA_USAGE = YES_ERROR;
				CLANG_WARN_DOCUMENTATION_COMMENTS = YES;
				CLANG_WARN_EMPTY_BODY = YES;
				CLANG_WARN_ENUM_CONVERSION = YES;
				CLANG_WARN_INFINITE_RECURSION = YES;
				CLANG_WARN_INT_CONVERSION = YES;
				CLANG_WARN_NON_LITERAL_NULL_CONVERSION = YES;
				CLANG_WARN_OBJC_IMPLICIT_RETAIN_SELF = YES;
				CLANG_WARN_OBJC_LITERAL_CONVERSION = YES;
				CLANG_WARN_OBJC_ROOT_CLASS = YES_ERROR;
				CLANG_WARN_QUOTED_INCLUDE_IN_FRAMEWORK_HEADER = YES;
				CLANG_WARN_RANGE_LOOP_ANALYSIS = YES;
				CLANG_WARN_STRICT_PROTOTYPES = YES;
				CLANG_WARN_SUSPICIOUS_MOVE = YES;
				CLANG_WARN_UNGUARDED_AVAILABILITY = YES_AGGRESSIVE;
				CLANG_WARN_UNREACHABLE_CODE = YES;
				CLANG_WARN__DUPLICATE_METHOD_MATCH = YES;
				COPY_PHASE_STRIP = NO;
				DEBUG_INFORMATION_FORMAT = "dwarf-with-dsym";
				ENABLE_NS_ASSERTIONS = NO;
				ENABLE_STRICT_OBJC_MSGSEND = YES;
				GCC_C_LANGUAGE_STANDARD = gnu11;
				GCC_NO_COMMON_BLOCKS = YES;
				GCC_WARN_64_TO_32_BIT_CONVERSION = YES;
				GCC_WARN_ABOUT_RETURN_TYPE = YES_ERROR;
				GCC_WARN_UNDECLARED_SELECTOR = YES;
				GCC_WARN_UNINITIALIZED_AUTOS = YES_AGGRESSIVE;
				GCC_WARN_UNUSED_FUNCTION = YES;
				GCC_WARN_UNUSED_VARIABLE = YES;
				IPHONEOS_DEPLOYMENT_TARGET = 16.0;
				MTL_ENABLE_DEBUG_INFO = NO;
				MTL_FAST_MATH = YES;
				SDKROOT = iphoneos;
				SWIFT_COMPILATION_MODE = wholemodule;
				SWIFT_OPTIMIZATION_LEVEL = "-O";
				VALIDATE_PRODUCT = YES;
			};
			name = Release;
		};
		EA53173A29D6267A007B6953 /* Debug */ = {
			isa = XCBuildConfiguration;
			baseConfigurationReference = 27A15F89B28F53579E485F78 /* Pods-Kitchen Buddy.debug.xcconfig */;
			buildSettings = {
				ASSETCATALOG_COMPILER_APPICON_NAME = AppIcon;
				ASSETCATALOG_COMPILER_GLOBAL_ACCENT_COLOR_NAME = AccentColor;
				CODE_SIGN_STYLE = Automatic;
				CURRENT_PROJECT_VERSION = 1;
				GENERATE_INFOPLIST_FILE = YES;
				INFOPLIST_FILE = "Kitchen Buddy/Info.plist";
				INFOPLIST_KEY_UIApplicationSupportsIndirectInputEvents = YES;
				INFOPLIST_KEY_UILaunchStoryboardName = LaunchScreen;
				INFOPLIST_KEY_UISupportedInterfaceOrientations_iPad = "UIInterfaceOrientationPortrait UIInterfaceOrientationPortraitUpsideDown UIInterfaceOrientationLandscapeLeft UIInterfaceOrientationLandscapeRight";
				INFOPLIST_KEY_UISupportedInterfaceOrientations_iPhone = "UIInterfaceOrientationPortrait UIInterfaceOrientationLandscapeLeft UIInterfaceOrientationLandscapeRight";
				LD_RUNPATH_SEARCH_PATHS = (
					"$(inherited)",
					"@executable_path/Frameworks",
				);
				MARKETING_VERSION = 1.0;
				PRODUCT_BUNDLE_IDENTIFIER = "com.itis.Kitchen-Buddy";
				PRODUCT_NAME = "$(TARGET_NAME)";
				SWIFT_EMIT_LOC_STRINGS = YES;
				SWIFT_VERSION = 5.0;
				TARGETED_DEVICE_FAMILY = "1,2";
			};
			name = Debug;
		};
		EA53173B29D6267A007B6953 /* Release */ = {
			isa = XCBuildConfiguration;
			baseConfigurationReference = D506B2F23D92F9F60C36AC2E /* Pods-Kitchen Buddy.release.xcconfig */;
			buildSettings = {
				ASSETCATALOG_COMPILER_APPICON_NAME = AppIcon;
				ASSETCATALOG_COMPILER_GLOBAL_ACCENT_COLOR_NAME = AccentColor;
				CODE_SIGN_STYLE = Automatic;
				CURRENT_PROJECT_VERSION = 1;
				GENERATE_INFOPLIST_FILE = YES;
				INFOPLIST_FILE = "Kitchen Buddy/Info.plist";
				INFOPLIST_KEY_UIApplicationSupportsIndirectInputEvents = YES;
				INFOPLIST_KEY_UILaunchStoryboardName = LaunchScreen;
				INFOPLIST_KEY_UISupportedInterfaceOrientations_iPad = "UIInterfaceOrientationPortrait UIInterfaceOrientationPortraitUpsideDown UIInterfaceOrientationLandscapeLeft UIInterfaceOrientationLandscapeRight";
				INFOPLIST_KEY_UISupportedInterfaceOrientations_iPhone = "UIInterfaceOrientationPortrait UIInterfaceOrientationLandscapeLeft UIInterfaceOrientationLandscapeRight";
				LD_RUNPATH_SEARCH_PATHS = (
					"$(inherited)",
					"@executable_path/Frameworks",
				);
				MARKETING_VERSION = 1.0;
				PRODUCT_BUNDLE_IDENTIFIER = "com.itis.Kitchen-Buddy";
				PRODUCT_NAME = "$(TARGET_NAME)";
				SWIFT_EMIT_LOC_STRINGS = YES;
				SWIFT_VERSION = 5.0;
				TARGETED_DEVICE_FAMILY = "1,2";
			};
			name = Release;
		};
/* End XCBuildConfiguration section */

/* Begin XCConfigurationList section */
		EA53171D29D62677007B6953 /* Build configuration list for PBXProject "Kitchen Buddy" */ = {
			isa = XCConfigurationList;
			buildConfigurations = (
				EA53173729D6267A007B6953 /* Debug */,
				EA53173829D6267A007B6953 /* Release */,
			);
			defaultConfigurationIsVisible = 0;
			defaultConfigurationName = Release;
		};
		EA53173929D6267A007B6953 /* Build configuration list for PBXNativeTarget "Kitchen Buddy" */ = {
			isa = XCConfigurationList;
			buildConfigurations = (
				EA53173A29D6267A007B6953 /* Debug */,
				EA53173B29D6267A007B6953 /* Release */,
			);
			defaultConfigurationIsVisible = 0;
			defaultConfigurationName = Release;
		};
/* End XCConfigurationList section */

/* Begin XCVersionGroup section */
		EA53172E29D62677007B6953 /* Kitchen_Buddy.xcdatamodeld */ = {
			isa = XCVersionGroup;
			children = (
				EA53172F29D62677007B6953 /* Kitchen_Buddy.xcdatamodel */,
			);
			currentVersion = EA53172F29D62677007B6953 /* Kitchen_Buddy.xcdatamodel */;
			path = Kitchen_Buddy.xcdatamodeld;
			sourceTree = "<group>";
			versionGroupType = wrapper.xcdatamodel;
		};
/* End XCVersionGroup section */
	};
	rootObject = EA53171A29D62677007B6953 /* Project object */;
}
